// !$*UTF8*$!
{
	archiveVersion = 1;
	classes = {
	};
	objectVersion = 46;
	objects = {

/* Begin PBXBuildFile section */
		F5028B721CAAA03A00D1A4BD /* AppDelegate.swift in Sources */ = {isa = PBXBuildFile; fileRef = F5028B711CAAA03A00D1A4BD /* AppDelegate.swift */; };
		F5028B7B1CAAA03A00D1A4BD /* Assets.xcassets in Resources */ = {isa = PBXBuildFile; fileRef = F5028B7A1CAAA03A00D1A4BD /* Assets.xcassets */; };
		F5028B7E1CAAA03A00D1A4BD /* LaunchScreen.storyboard in Resources */ = {isa = PBXBuildFile; fileRef = F5028B7C1CAAA03A00D1A4BD /* LaunchScreen.storyboard */; };
		F5271C521CBD3F9D00C8B484 /* UIColorExtension.swift in Sources */ = {isa = PBXBuildFile; fileRef = F5271C511CBD3F9D00C8B484 /* UIColorExtension.swift */; };
		F53890FF1CB4E821005065B2 /* LedError.swift in Sources */ = {isa = PBXBuildFile; fileRef = F53890FE1CB4E821005065B2 /* LedError.swift */; };
		F58575CD1CAAF0CD0023AF75 /* Colors.plist in Resources */ = {isa = PBXBuildFile; fileRef = F58575CC1CAAF0CD0023AF75 /* Colors.plist */; };
		F58575D31CAAF5380023AF75 /* ColorPickerViewController.swift in Sources */ = {isa = PBXBuildFile; fileRef = F58575D01CAAF5380023AF75 /* ColorPickerViewController.swift */; };
		F58575D41CAAF5380023AF75 /* ViewController.swift in Sources */ = {isa = PBXBuildFile; fileRef = F58575D11CAAF5380023AF75 /* ViewController.swift */; };
		F58575D51CAAF5380023AF75 /* Main.storyboard in Resources */ = {isa = PBXBuildFile; fileRef = F58575D21CAAF5380023AF75 /* Main.storyboard */; };
		F59D3A3D1CC10A5500609EEA /* SettingsViewController.swift in Sources */ = {isa = PBXBuildFile; fileRef = F59D3A3C1CC10A5500609EEA /* SettingsViewController.swift */; };
		F5C50ECE1CB40FCD0062536C /* HttpRequest.swift in Sources */ = {isa = PBXBuildFile; fileRef = F5C50ECD1CB40FCD0062536C /* HttpRequest.swift */; };
/* End PBXBuildFile section */

/* Begin PBXFileReference section */
		F5028B6E1CAAA03A00D1A4BD /* LED-iOS.app */ = {isa = PBXFileReference; explicitFileType = wrapper.application; includeInIndex = 0; path = "LED-iOS.app"; sourceTree = BUILT_PRODUCTS_DIR; };
		F5028B711CAAA03A00D1A4BD /* AppDelegate.swift */ = {isa = PBXFileReference; lastKnownFileType = sourcecode.swift; path = AppDelegate.swift; sourceTree = "<group>"; };
		F5028B7A1CAAA03A00D1A4BD /* Assets.xcassets */ = {isa = PBXFileReference; lastKnownFileType = folder.assetcatalog; path = Assets.xcassets; sourceTree = "<group>"; };
		F5028B7D1CAAA03A00D1A4BD /* Base */ = {isa = PBXFileReference; lastKnownFileType = file.storyboard; name = Base; path = Base.lproj/LaunchScreen.storyboard; sourceTree = "<group>"; };
		F5028B7F1CAAA03A00D1A4BD /* Info.plist */ = {isa = PBXFileReference; lastKnownFileType = text.plist.xml; path = Info.plist; sourceTree = "<group>"; };
		F5271C511CBD3F9D00C8B484 /* UIColorExtension.swift */ = {isa = PBXFileReference; fileEncoding = 4; lastKnownFileType = sourcecode.swift; path = UIColorExtension.swift; sourceTree = "<group>"; };
		F53890FE1CB4E821005065B2 /* LedError.swift */ = {isa = PBXFileReference; fileEncoding = 4; lastKnownFileType = sourcecode.swift; path = LedError.swift; sourceTree = "<group>"; };
		F58575CC1CAAF0CD0023AF75 /* Colors.plist */ = {isa = PBXFileReference; fileEncoding = 4; lastKnownFileType = text.plist.xml; path = Colors.plist; sourceTree = "<group>"; };
		F58575D01CAAF5380023AF75 /* ColorPickerViewController.swift */ = {isa = PBXFileReference; fileEncoding = 4; lastKnownFileType = sourcecode.swift; path = ColorPickerViewController.swift; sourceTree = "<group>"; };
		F58575D11CAAF5380023AF75 /* ViewController.swift */ = {isa = PBXFileReference; fileEncoding = 4; lastKnownFileType = sourcecode.swift; path = ViewController.swift; sourceTree = "<group>"; };
		F58575D21CAAF5380023AF75 /* Main.storyboard */ = {isa = PBXFileReference; fileEncoding = 4; lastKnownFileType = file.storyboard; path = Main.storyboard; sourceTree = "<group>"; };
		F59D3A3C1CC10A5500609EEA /* SettingsViewController.swift */ = {isa = PBXFileReference; fileEncoding = 4; lastKnownFileType = sourcecode.swift; path = SettingsViewController.swift; sourceTree = "<group>"; };
		F5C50ECD1CB40FCD0062536C /* HttpRequest.swift */ = {isa = PBXFileReference; fileEncoding = 4; lastKnownFileType = sourcecode.swift; path = HttpRequest.swift; sourceTree = "<group>"; };
/* End PBXFileReference section */

/* Begin PBXFrameworksBuildPhase section */
		F5028B6B1CAAA03A00D1A4BD /* Frameworks */ = {
			isa = PBXFrameworksBuildPhase;
			buildActionMask = 2147483647;
			files = (
			);
			runOnlyForDeploymentPostprocessing = 0;
		};
/* End PBXFrameworksBuildPhase section */

/* Begin PBXGroup section */
		F5028B651CAAA03A00D1A4BD = {
			isa = PBXGroup;
			children = (
				F5028B701CAAA03A00D1A4BD /* LED-iOS */,
				F5028B6F1CAAA03A00D1A4BD /* Products */,
			);
			sourceTree = "<group>";
		};
		F5028B6F1CAAA03A00D1A4BD /* Products */ = {
			isa = PBXGroup;
			children = (
				F5028B6E1CAAA03A00D1A4BD /* LED-iOS.app */,
			);
			name = Products;
			sourceTree = "<group>";
		};
		F5028B701CAAA03A00D1A4BD /* LED-iOS */ = {
			isa = PBXGroup;
			children = (
				F5028B891CAAB13C00D1A4BD /* classes */,
				F5028B711CAAA03A00D1A4BD /* AppDelegate.swift */,
				F5028B7A1CAAA03A00D1A4BD /* Assets.xcassets */,
				F5028B7C1CAAA03A00D1A4BD /* LaunchScreen.storyboard */,
				F5028B7F1CAAA03A00D1A4BD /* Info.plist */,
				F59D3A3C1CC10A5500609EEA /* SettingsViewController.swift */,
			);
			path = "LED-iOS";
			sourceTree = "<group>";
		};
		F5028B891CAAB13C00D1A4BD /* classes */ = {
			isa = PBXGroup;
			children = (
				F58575CC1CAAF0CD0023AF75 /* Colors.plist */,
				F58575D01CAAF5380023AF75 /* ColorPickerViewController.swift */,
				F58575D11CAAF5380023AF75 /* ViewController.swift */,
				F58575D21CAAF5380023AF75 /* Main.storyboard */,
				F5C50ECD1CB40FCD0062536C /* HttpRequest.swift */,
				F53890FE1CB4E821005065B2 /* LedError.swift */,
				F5271C511CBD3F9D00C8B484 /* UIColorExtension.swift */,
			);
			name = classes;
			sourceTree = "<group>";
		};
/* End PBXGroup section */

/* Begin PBXNativeTarget section */
		F5028B6D1CAAA03A00D1A4BD /* LED-iOS */ = {
			isa = PBXNativeTarget;
			buildConfigurationList = F5028B821CAAA03A00D1A4BD /* Build configuration list for PBXNativeTarget "LED-iOS" */;
			buildPhases = (
				F5028B6A1CAAA03A00D1A4BD /* Sources */,
				F5028B6B1CAAA03A00D1A4BD /* Frameworks */,
				F5028B6C1CAAA03A00D1A4BD /* Resources */,
			);
			buildRules = (
			);
			dependencies = (
			);
			name = "LED-iOS";
			productName = "LED-iOS";
			productReference = F5028B6E1CAAA03A00D1A4BD /* LED-iOS.app */;
			productType = "com.apple.product-type.application";
		};
/* End PBXNativeTarget section */

/* Begin PBXProject section */
		F5028B661CAAA03A00D1A4BD /* Project object */ = {
			isa = PBXProject;
			attributes = {
				LastSwiftUpdateCheck = 0730;
				LastUpgradeCheck = 0730;
				ORGANIZATIONNAME = "Jules Kreutzer";
				TargetAttributes = {
					F5028B6D1CAAA03A00D1A4BD = {
						CreatedOnToolsVersion = 7.3;
						DevelopmentTeam = K3QECPQ6Y3;
					};
				};
			};
			buildConfigurationList = F5028B691CAAA03A00D1A4BD /* Build configuration list for PBXProject "LED-iOS" */;
			compatibilityVersion = "Xcode 3.2";
			developmentRegion = English;
			hasScannedForEncodings = 0;
			knownRegions = (
				en,
				Base,
			);
			mainGroup = F5028B651CAAA03A00D1A4BD;
			productRefGroup = F5028B6F1CAAA03A00D1A4BD /* Products */;
			projectDirPath = "";
			projectRoot = "";
			targets = (
				F5028B6D1CAAA03A00D1A4BD /* LED-iOS */,
			);
		};
/* End PBXProject section */

/* Begin PBXResourcesBuildPhase section */
		F5028B6C1CAAA03A00D1A4BD /* Resources */ = {
			isa = PBXResourcesBuildPhase;
			buildActionMask = 2147483647;
			files = (
				F58575CD1CAAF0CD0023AF75 /* Colors.plist in Resources */,
				F5028B7E1CAAA03A00D1A4BD /* LaunchScreen.storyboard in Resources */,
				F5028B7B1CAAA03A00D1A4BD /* Assets.xcassets in Resources */,
				F58575D51CAAF5380023AF75 /* Main.storyboard in Resources */,
			);
			runOnlyForDeploymentPostprocessing = 0;
		};
/* End PBXResourcesBuildPhase section */

/* Begin PBXSourcesBuildPhase section */
		F5028B6A1CAAA03A00D1A4BD /* Sources */ = {
			isa = PBXSourcesBuildPhase;
			buildActionMask = 2147483647;
			files = (
				F58575D41CAAF5380023AF75 /* ViewController.swift in Sources */,
				F53890FF1CB4E821005065B2 /* LedError.swift in Sources */,
				F59D3A3D1CC10A5500609EEA /* SettingsViewController.swift in Sources */,
				F5C50ECE1CB40FCD0062536C /* HttpRequest.swift in Sources */,
				F58575D31CAAF5380023AF75 /* ColorPickerViewController.swift in Sources */,
				F5028B721CAAA03A00D1A4BD /* AppDelegate.swift in Sources */,
				F5271C521CBD3F9D00C8B484 /* UIColorExtension.swift in Sources */,
			);
			runOnlyForDeploymentPostprocessing = 0;
		};
/* End PBXSourcesBuildPhase section */

/* Begin PBXVariantGroup section */
		F5028B7C1CAAA03A00D1A4BD /* LaunchScreen.storyboard */ = {
			isa = PBXVariantGroup;
			children = (
				F5028B7D1CAAA03A00D1A4BD /* Base */,
			);
			name = LaunchScreen.storyboard;
			sourceTree = "<group>";
		};
/* End PBXVariantGroup section */

/* Begin XCBuildConfiguration section */
		F5028B801CAAA03A00D1A4BD /* Debug */ = {
			isa = XCBuildConfiguration;
			buildSettings = {
				ALWAYS_SEARCH_USER_PATHS = NO;
				CLANG_ANALYZER_NONNULL = YES;
				CLANG_CXX_LANGUAGE_STANDARD = "gnu++0x";
				CLANG_CXX_LIBRARY = "libc++";
				CLANG_ENABLE_MODULES = YES;
				CLANG_ENABLE_OBJC_ARC = YES;
				CLANG_WARN_BOOL_CONVERSION = YES;
				CLANG_WARN_CONSTANT_CONVERSION = YES;
				CLANG_WARN_DIRECT_OBJC_ISA_USAGE = YES_ERROR;
				CLANG_WARN_EMPTY_BODY = YES;
				CLANG_WARN_ENUM_CONVERSION = YES;
				CLANG_WARN_INT_CONVERSION = YES;
				CLANG_WARN_OBJC_ROOT_CLASS = YES_ERROR;
				CLANG_WARN_UNREACHABLE_CODE = YES;
				CLANG_WARN__DUPLICATE_METHOD_MATCH = YES;
				"CODE_SIGN_IDENTITY[sdk=iphoneos*]" = "iPhone Developer";
				COPY_PHASE_STRIP = NO;
				DEBUG_INFORMATION_FORMAT = dwarf;
				ENABLE_STRICT_OBJC_MSGSEND = YES;
				ENABLE_TESTABILITY = YES;
				GCC_C_LANGUAGE_STANDARD = gnu99;
				GCC_DYNAMIC_NO_PIC = NO;
				GCC_NO_COMMON_BLOCKS = YES;
				GCC_OPTIMIZATION_LEVEL = 0;
				GCC_PREPROCESSOR_DEFINITIONS = (
					"DEBUG=1",
					"$(inherited)",
				);
				GCC_WARN_64_TO_32_BIT_CONVERSION = YES;
				GCC_WARN_ABOUT_RETURN_TYPE = YES_ERROR;
				GCC_WARN_UNDECLARED_SELECTOR = YES;
				GCC_WARN_UNINITIALIZED_AUTOS = YES_AGGRESSIVE;
				GCC_WARN_UNUSED_FUNCTION = YES;
				GCC_WARN_UNUSED_VARIABLE = YES;
				IPHONEOS_DEPLOYMENT_TARGET = 9.3;
				MTL_ENABLE_DEBUG_INFO = YES;
				ONLY_ACTIVE_ARCH = YES;
				SDKROOT = iphoneos;
				SWIFT_OPTIMIZATION_LEVEL = "-Onone";
				TARGETED_DEVICE_FAMILY = "1,2";
			};
			name = Debug;
		};
		F5028B811CAAA03A00D1A4BD /* Release */ = {
			isa = XCBuildConfiguration;
			buildSettings = {
				ALWAYS_SEARCH_USER_PATHS = NO;
				CLANG_ANALYZER_NONNULL = YES;
				CLANG_CXX_LANGUAGE_STANDARD = "gnu++0x";
				CLANG_CXX_LIBRARY = "libc++";
				CLANG_ENABLE_MODULES = YES;
				CLANG_ENABLE_OBJC_ARC = YES;
				CLANG_WARN_BOOL_CONVERSION = YES;
				CLANG_WARN_CONSTANT_CONVERSION = YES;
				CLANG_WARN_DIRECT_OBJC_ISA_USAGE = YES_ERROR;
				CLANG_WARN_EMPTY_BODY = YES;
				CLANG_WARN_ENUM_CONVERSION = YES;
				CLANG_WARN_INT_CONVERSION = YES;
				CLANG_WARN_OBJC_ROOT_CLASS = YES_ERROR;
				CLANG_WARN_UNREACHABLE_CODE = YES;
				CLANG_WARN__DUPLICATE_METHOD_MATCH = YES;
				"CODE_SIGN_IDENTITY[sdk=iphoneos*]" = "iPhone Developer";
				COPY_PHASE_STRIP = NO;
				DEBUG_INFORMATION_FORMAT = "dwarf-with-dsym";
				ENABLE_NS_ASSERTIONS = NO;
				ENABLE_STRICT_OBJC_MSGSEND = YES;
				GCC_C_LANGUAGE_STANDARD = gnu99;
				GCC_NO_COMMON_BLOCKS = YES;
				GCC_WARN_64_TO_32_BIT_CONVERSION = YES;
				GCC_WARN_ABOUT_RETURN_TYPE = YES_ERROR;
				GCC_WARN_UNDECLARED_SELECTOR = YES;
				GCC_WARN_UNINITIALIZED_AUTOS = YES_AGGRESSIVE;
				GCC_WARN_UNUSED_FUNCTION = YES;
				GCC_WARN_UNUSED_VARIABLE = YES;
				IPHONEOS_DEPLOYMENT_TARGET = 9.3;
				MTL_ENABLE_DEBUG_INFO = NO;
				SDKROOT = iphoneos;
				TARGETED_DEVICE_FAMILY = "1,2";
				VALIDATE_PRODUCT = YES;
			};
			name = Release;
		};
		F5028B831CAAA03A00D1A4BD /* Debug */ = {
			isa = XCBuildConfiguration;
			buildSettings = {
				ASSETCATALOG_COMPILER_APPICON_NAME = AppIcon;
				CODE_SIGN_IDENTITY = "iPhone Developer";
				INFOPLIST_FILE = "LED-iOS/Info.plist";
				LD_RUNPATH_SEARCH_PATHS = "$(inherited) @executable_path/Frameworks";
				PRODUCT_BUNDLE_IDENTIFIER = "nl.nujules.LED-iOS";
				PRODUCT_NAME = "$(TARGET_NAME)";
			};
			name = Debug;
		};
		F5028B841CAAA03A00D1A4BD /* Release */ = {
			isa = XCBuildConfiguration;
			buildSettings = {
				ASSETCATALOG_COMPILER_APPICON_NAME = AppIcon;
				CODE_SIGN_IDENTITY = "iPhone Developer";
				INFOPLIST_FILE = "LED-iOS/Info.plist";
				LD_RUNPATH_SEARCH_PATHS = "$(inherited) @executable_path/Frameworks";
				PRODUCT_BUNDLE_IDENTIFIER = "nl.nujules.LED-iOS";
				PRODUCT_NAME = "$(TARGET_NAME)";
			};
			name = Release;
		};
/* End XCBuildConfiguration section */

/* Begin XCConfigurationList section */
		F5028B691CAAA03A00D1A4BD /* Build configuration list for PBXProject "LED-iOS" */ = {
			isa = XCConfigurationList;
			buildConfigurations = (
				F5028B801CAAA03A00D1A4BD /* Debug */,
				F5028B811CAAA03A00D1A4BD /* Release */,
			);
			defaultConfigurationIsVisible = 0;
			defaultConfigurationName = Release;
		};
		F5028B821CAAA03A00D1A4BD /* Build configuration list for PBXNativeTarget "LED-iOS" */ = {
			isa = XCConfigurationList;
			buildConfigurations = (
				F5028B831CAAA03A00D1A4BD /* Debug */,
				F5028B841CAAA03A00D1A4BD /* Release */,
			);
			defaultConfigurationIsVisible = 0;
			defaultConfigurationName = Release;
		};
/* End XCConfigurationList section */
	};
	rootObject = F5028B661CAAA03A00D1A4BD /* Project object */;
}
